// !$*UTF8*$!
{
	archiveVersion = 1;
	classes = {
	};
	objectVersion = 46;
	objects = {

/* Begin PBXBuildFile section */
		43A9131F2DB041838962F575 /* libPods.a in Frameworks */ = {isa = PBXBuildFile; fileRef = E84AEA1534144192AC2AEF43 /* libPods.a */; };
		DE015795186750E80051D0FC /* Foundation.framework in Frameworks */ = {isa = PBXBuildFile; fileRef = DE015794186750E80051D0FC /* Foundation.framework */; };
		DE015797186750E80051D0FC /* CoreGraphics.framework in Frameworks */ = {isa = PBXBuildFile; fileRef = DE015796186750E80051D0FC /* CoreGraphics.framework */; };
		DE015799186750E80051D0FC /* UIKit.framework in Frameworks */ = {isa = PBXBuildFile; fileRef = DE015798186750E80051D0FC /* UIKit.framework */; };
		DE01579F186750E80051D0FC /* InfoPlist.strings in Resources */ = {isa = PBXBuildFile; fileRef = DE01579D186750E80051D0FC /* InfoPlist.strings */; };
		DE0157A1186750E80051D0FC /* main.m in Sources */ = {isa = PBXBuildFile; fileRef = DE0157A0186750E80051D0FC /* main.m */; };
		DE0157A5186750E80051D0FC /* DDDAppDelegate.m in Sources */ = {isa = PBXBuildFile; fileRef = DE0157A4186750E80051D0FC /* DDDAppDelegate.m */; };
		DE0157A8186750E80051D0FC /* Main.storyboard in Resources */ = {isa = PBXBuildFile; fileRef = DE0157A6186750E80051D0FC /* Main.storyboard */; };
		DE0157AB186750E80051D0FC /* DDDViewController.m in Sources */ = {isa = PBXBuildFile; fileRef = DE0157AA186750E80051D0FC /* DDDViewController.m */; };
		DE0157AD186750E80051D0FC /* Images.xcassets in Resources */ = {isa = PBXBuildFile; fileRef = DE0157AC186750E80051D0FC /* Images.xcassets */; };
		DE0157B4186750E80051D0FC /* XCTest.framework in Frameworks */ = {isa = PBXBuildFile; fileRef = DE0157B3186750E80051D0FC /* XCTest.framework */; };
		DE0157B5186750E80051D0FC /* Foundation.framework in Frameworks */ = {isa = PBXBuildFile; fileRef = DE015794186750E80051D0FC /* Foundation.framework */; };
		DE0157B6186750E80051D0FC /* UIKit.framework in Frameworks */ = {isa = PBXBuildFile; fileRef = DE015798186750E80051D0FC /* UIKit.framework */; };
		DE0157BE186750E90051D0FC /* InfoPlist.strings in Resources */ = {isa = PBXBuildFile; fileRef = DE0157BC186750E90051D0FC /* InfoPlist.strings */; };
		DE0157C0186750E90051D0FC /* PlaceFinderTests.m in Sources */ = {isa = PBXBuildFile; fileRef = DE0157BF186750E90051D0FC /* PlaceFinderTests.m */; };
		DE0157CA186751070051D0FC /* CoreLocation.framework in Frameworks */ = {isa = PBXBuildFile; fileRef = DE0157C9186751070051D0FC /* CoreLocation.framework */; };
		DE1C5119186757DD00D961D2 /* DDDDataService.m in Sources */ = {isa = PBXBuildFile; fileRef = DE1C5116186757DD00D961D2 /* DDDDataService.m */; };
		DE1C511A186757DD00D961D2 /* DDDServicesManager.m in Sources */ = {isa = PBXBuildFile; fileRef = DE1C5118186757DD00D961D2 /* DDDServicesManager.m */; };
		DE1C511D1867581600D961D2 /* DDDManagerBase.m in Sources */ = {isa = PBXBuildFile; fileRef = DE1C511C1867581600D961D2 /* DDDManagerBase.m */; };
		DE1C51211867905C00D961D2 /* DDDLocation.m in Sources */ = {isa = PBXBuildFile; fileRef = DE1C51201867905C00D961D2 /* DDDLocation.m */; };
		DE1C5125186794B400D961D2 /* DDDPlaceSearchResultsResponse.m in Sources */ = {isa = PBXBuildFile; fileRef = DE1C5124186794B400D961D2 /* DDDPlaceSearchResultsResponse.m */; };
		DE1C51291867983800D961D2 /* DDDPlaceSearchResult.m in Sources */ = {isa = PBXBuildFile; fileRef = DE1C51281867983800D961D2 /* DDDPlaceSearchResult.m */; };
		DE1C512C18679D3000D961D2 /* DDDBaseResponse.m in Sources */ = {isa = PBXBuildFile; fileRef = DE1C512B18679D3000D961D2 /* DDDBaseResponse.m */; };
		DE1C512F1867BD7400D961D2 /* DDDPlaceLocationResponse.m in Sources */ = {isa = PBXBuildFile; fileRef = DE1C512E1867BD7400D961D2 /* DDDPlaceLocationResponse.m */; };
		DE1C51331867BFCC00D961D2 /* DDDCollectionViewCell.m in Sources */ = {isa = PBXBuildFile; fileRef = DE1C51321867BFCC00D961D2 /* DDDCollectionViewCell.m */; };
		DE1C51371867D0F600D961D2 /* DDDLocationManager.m in Sources */ = {isa = PBXBuildFile; fileRef = DE1C51361867D0F600D961D2 /* DDDLocationManager.m */; };
/* End PBXBuildFile section */

/* Begin PBXContainerItemProxy section */
		DE0157B7186750E90051D0FC /* PBXContainerItemProxy */ = {
			isa = PBXContainerItemProxy;
			containerPortal = DE015789186750E80051D0FC /* Project object */;
			proxyType = 1;
			remoteGlobalIDString = DE015790186750E80051D0FC;
			remoteInfo = PlaceFinder;
		};
/* End PBXContainerItemProxy section */

/* Begin PBXFileReference section */
		7F9F9FCDB9FB418895E10623 /* Pods.xcconfig */ = {isa = PBXFileReference; includeInIndex = 1; lastKnownFileType = text.xcconfig; name = Pods.xcconfig; path = Pods/Pods.xcconfig; sourceTree = "<group>"; };
		DE015791186750E80051D0FC /* PlaceFinder.app */ = {isa = PBXFileReference; explicitFileType = wrapper.application; includeInIndex = 0; path = PlaceFinder.app; sourceTree = BUILT_PRODUCTS_DIR; };
		DE015794186750E80051D0FC /* Foundation.framework */ = {isa = PBXFileReference; lastKnownFileType = wrapper.framework; name = Foundation.framework; path = System/Library/Frameworks/Foundation.framework; sourceTree = SDKROOT; };
		DE015796186750E80051D0FC /* CoreGraphics.framework */ = {isa = PBXFileReference; lastKnownFileType = wrapper.framework; name = CoreGraphics.framework; path = System/Library/Frameworks/CoreGraphics.framework; sourceTree = SDKROOT; };
		DE015798186750E80051D0FC /* UIKit.framework */ = {isa = PBXFileReference; lastKnownFileType = wrapper.framework; name = UIKit.framework; path = System/Library/Frameworks/UIKit.framework; sourceTree = SDKROOT; };
		DE01579C186750E80051D0FC /* PlaceFinder-Info.plist */ = {isa = PBXFileReference; lastKnownFileType = text.plist.xml; path = "PlaceFinder-Info.plist"; sourceTree = "<group>"; };
		DE01579E186750E80051D0FC /* en */ = {isa = PBXFileReference; lastKnownFileType = text.plist.strings; name = en; path = en.lproj/InfoPlist.strings; sourceTree = "<group>"; };
		DE0157A0186750E80051D0FC /* main.m */ = {isa = PBXFileReference; lastKnownFileType = sourcecode.c.objc; path = main.m; sourceTree = "<group>"; };
		DE0157A2186750E80051D0FC /* PlaceFinder-Prefix.pch */ = {isa = PBXFileReference; lastKnownFileType = sourcecode.c.h; path = "PlaceFinder-Prefix.pch"; sourceTree = "<group>"; };
		DE0157A3186750E80051D0FC /* DDDAppDelegate.h */ = {isa = PBXFileReference; lastKnownFileType = sourcecode.c.h; path = DDDAppDelegate.h; sourceTree = "<group>"; };
		DE0157A4186750E80051D0FC /* DDDAppDelegate.m */ = {isa = PBXFileReference; lastKnownFileType = sourcecode.c.objc; path = DDDAppDelegate.m; sourceTree = "<group>"; };
		DE0157A7186750E80051D0FC /* Base */ = {isa = PBXFileReference; lastKnownFileType = file.storyboard; name = Base; path = Base.lproj/Main.storyboard; sourceTree = "<group>"; };
		DE0157A9186750E80051D0FC /* DDDViewController.h */ = {isa = PBXFileReference; lastKnownFileType = sourcecode.c.h; path = DDDViewController.h; sourceTree = "<group>"; };
		DE0157AA186750E80051D0FC /* DDDViewController.m */ = {isa = PBXFileReference; lastKnownFileType = sourcecode.c.objc; path = DDDViewController.m; sourceTree = "<group>"; };
		DE0157AC186750E80051D0FC /* Images.xcassets */ = {isa = PBXFileReference; lastKnownFileType = folder.assetcatalog; path = Images.xcassets; sourceTree = "<group>"; };
		DE0157B2186750E80051D0FC /* PlaceFinderTests.xctest */ = {isa = PBXFileReference; explicitFileType = wrapper.cfbundle; includeInIndex = 0; path = PlaceFinderTests.xctest; sourceTree = BUILT_PRODUCTS_DIR; };
		DE0157B3186750E80051D0FC /* XCTest.framework */ = {isa = PBXFileReference; lastKnownFileType = wrapper.framework; name = XCTest.framework; path = Library/Frameworks/XCTest.framework; sourceTree = DEVELOPER_DIR; };
		DE0157BB186750E90051D0FC /* PlaceFinderTests-Info.plist */ = {isa = PBXFileReference; lastKnownFileType = text.plist.xml; path = "PlaceFinderTests-Info.plist"; sourceTree = "<group>"; };
		DE0157BD186750E90051D0FC /* en */ = {isa = PBXFileReference; lastKnownFileType = text.plist.strings; name = en; path = en.lproj/InfoPlist.strings; sourceTree = "<group>"; };
		DE0157BF186750E90051D0FC /* PlaceFinderTests.m */ = {isa = PBXFileReference; lastKnownFileType = sourcecode.c.objc; path = PlaceFinderTests.m; sourceTree = "<group>"; };
		DE0157C9186751070051D0FC /* CoreLocation.framework */ = {isa = PBXFileReference; lastKnownFileType = wrapper.framework; name = CoreLocation.framework; path = System/Library/Frameworks/CoreLocation.framework; sourceTree = SDKROOT; };
		DE1C5115186757DD00D961D2 /* DDDDataService.h */ = {isa = PBXFileReference; fileEncoding = 4; lastKnownFileType = sourcecode.c.h; path = DDDDataService.h; sourceTree = "<group>"; };
		DE1C5116186757DD00D961D2 /* DDDDataService.m */ = {isa = PBXFileReference; fileEncoding = 4; lastKnownFileType = sourcecode.c.objc; path = DDDDataService.m; sourceTree = "<group>"; };
		DE1C5117186757DD00D961D2 /* DDDServicesManager.h */ = {isa = PBXFileReference; fileEncoding = 4; lastKnownFileType = sourcecode.c.h; path = DDDServicesManager.h; sourceTree = "<group>"; };
		DE1C5118186757DD00D961D2 /* DDDServicesManager.m */ = {isa = PBXFileReference; fileEncoding = 4; lastKnownFileType = sourcecode.c.objc; path = DDDServicesManager.m; sourceTree = "<group>"; };
		DE1C511B1867581600D961D2 /* DDDManagerBase.h */ = {isa = PBXFileReference; fileEncoding = 4; lastKnownFileType = sourcecode.c.h; path = DDDManagerBase.h; sourceTree = "<group>"; };
		DE1C511C1867581600D961D2 /* DDDManagerBase.m */ = {isa = PBXFileReference; fileEncoding = 4; lastKnownFileType = sourcecode.c.objc; path = DDDManagerBase.m; sourceTree = "<group>"; };
		DE1C511F1867905C00D961D2 /* DDDLocation.h */ = {isa = PBXFileReference; fileEncoding = 4; lastKnownFileType = sourcecode.c.h; path = DDDLocation.h; sourceTree = "<group>"; };
		DE1C51201867905C00D961D2 /* DDDLocation.m */ = {isa = PBXFileReference; fileEncoding = 4; lastKnownFileType = sourcecode.c.objc; path = DDDLocation.m; sourceTree = "<group>"; };
		DE1C5123186794B400D961D2 /* DDDPlaceSearchResultsResponse.h */ = {isa = PBXFileReference; fileEncoding = 4; lastKnownFileType = sourcecode.c.h; path = DDDPlaceSearchResultsResponse.h; sourceTree = "<group>"; };
		DE1C5124186794B400D961D2 /* DDDPlaceSearchResultsResponse.m */ = {isa = PBXFileReference; fileEncoding = 4; lastKnownFileType = sourcecode.c.objc; path = DDDPlaceSearchResultsResponse.m; sourceTree = "<group>"; };
		DE1C51271867983800D961D2 /* DDDPlaceSearchResult.h */ = {isa = PBXFileReference; fileEncoding = 4; lastKnownFileType = sourcecode.c.h; path = DDDPlaceSearchResult.h; sourceTree = "<group>"; };
		DE1C51281867983800D961D2 /* DDDPlaceSearchResult.m */ = {isa = PBXFileReference; fileEncoding = 4; lastKnownFileType = sourcecode.c.objc; path = DDDPlaceSearchResult.m; sourceTree = "<group>"; };
		DE1C512A18679D3000D961D2 /* DDDBaseResponse.h */ = {isa = PBXFileReference; fileEncoding = 4; lastKnownFileType = sourcecode.c.h; path = DDDBaseResponse.h; sourceTree = "<group>"; };
		DE1C512B18679D3000D961D2 /* DDDBaseResponse.m */ = {isa = PBXFileReference; fileEncoding = 4; lastKnownFileType = sourcecode.c.objc; path = DDDBaseResponse.m; sourceTree = "<group>"; };
		DE1C512D1867BD7400D961D2 /* DDDPlaceLocationResponse.h */ = {isa = PBXFileReference; fileEncoding = 4; lastKnownFileType = sourcecode.c.h; path = DDDPlaceLocationResponse.h; sourceTree = "<group>"; };
		DE1C512E1867BD7400D961D2 /* DDDPlaceLocationResponse.m */ = {isa = PBXFileReference; fileEncoding = 4; lastKnownFileType = sourcecode.c.objc; path = DDDPlaceLocationResponse.m; sourceTree = "<group>"; };
		DE1C51311867BFCC00D961D2 /* DDDCollectionViewCell.h */ = {isa = PBXFileReference; fileEncoding = 4; lastKnownFileType = sourcecode.c.h; path = DDDCollectionViewCell.h; sourceTree = "<group>"; };
		DE1C51321867BFCC00D961D2 /* DDDCollectionViewCell.m */ = {isa = PBXFileReference; fileEncoding = 4; lastKnownFileType = sourcecode.c.objc; path = DDDCollectionViewCell.m; sourceTree = "<group>"; };
		DE1C51351867D0F600D961D2 /* DDDLocationManager.h */ = {isa = PBXFileReference; fileEncoding = 4; lastKnownFileType = sourcecode.c.h; path = DDDLocationManager.h; sourceTree = "<group>"; };
		DE1C51361867D0F600D961D2 /* DDDLocationManager.m */ = {isa = PBXFileReference; fileEncoding = 4; lastKnownFileType = sourcecode.c.objc; path = DDDLocationManager.m; sourceTree = "<group>"; };
		E84AEA1534144192AC2AEF43 /* libPods.a */ = {isa = PBXFileReference; explicitFileType = archive.ar; includeInIndex = 0; path = libPods.a; sourceTree = BUILT_PRODUCTS_DIR; };
/* End PBXFileReference section */

/* Begin PBXFrameworksBuildPhase section */
		DE01578E186750E80051D0FC /* Frameworks */ = {
			isa = PBXFrameworksBuildPhase;
			buildActionMask = 2147483647;
			files = (
				DE0157CA186751070051D0FC /* CoreLocation.framework in Frameworks */,
				DE015797186750E80051D0FC /* CoreGraphics.framework in Frameworks */,
				DE015799186750E80051D0FC /* UIKit.framework in Frameworks */,
				DE015795186750E80051D0FC /* Foundation.framework in Frameworks */,
				43A9131F2DB041838962F575 /* libPods.a in Frameworks */,
			);
			runOnlyForDeploymentPostprocessing = 0;
		};
		DE0157AF186750E80051D0FC /* Frameworks */ = {
			isa = PBXFrameworksBuildPhase;
			buildActionMask = 2147483647;
			files = (
				DE0157B4186750E80051D0FC /* XCTest.framework in Frameworks */,
				DE0157B6186750E80051D0FC /* UIKit.framework in Frameworks */,
				DE0157B5186750E80051D0FC /* Foundation.framework in Frameworks */,
			);
			runOnlyForDeploymentPostprocessing = 0;
		};
/* End PBXFrameworksBuildPhase section */

/* Begin PBXGroup section */
		DE015788186750E80051D0FC = {
			isa = PBXGroup;
			children = (
				DE01579A186750E80051D0FC /* PlaceFinder */,
				DE0157B9186750E90051D0FC /* PlaceFinderTests */,
				DE015793186750E80051D0FC /* Frameworks */,
				DE015792186750E80051D0FC /* Products */,
				7F9F9FCDB9FB418895E10623 /* Pods.xcconfig */,
			);
			sourceTree = "<group>";
		};
		DE015792186750E80051D0FC /* Products */ = {
			isa = PBXGroup;
			children = (
				DE015791186750E80051D0FC /* PlaceFinder.app */,
				DE0157B2186750E80051D0FC /* PlaceFinderTests.xctest */,
			);
			name = Products;
			sourceTree = "<group>";
		};
		DE015793186750E80051D0FC /* Frameworks */ = {
			isa = PBXGroup;
			children = (
				DE0157C9186751070051D0FC /* CoreLocation.framework */,
				DE015794186750E80051D0FC /* Foundation.framework */,
				DE015796186750E80051D0FC /* CoreGraphics.framework */,
				DE015798186750E80051D0FC /* UIKit.framework */,
				DE0157B3186750E80051D0FC /* XCTest.framework */,
				E84AEA1534144192AC2AEF43 /* libPods.a */,
			);
			name = Frameworks;
			sourceTree = "<group>";
		};
		DE01579A186750E80051D0FC /* PlaceFinder */ = {
			isa = PBXGroup;
			children = (
				DE1C51301867BFAF00D961D2 /* UI */,
				DE1C51221867948700D961D2 /* APIReponses */,
				DE1C511E1867903400D961D2 /* Models */,
				DE1C51141867578B00D961D2 /* Managers */,
				DE1C51131867578200D961D2 /* Services */,
				DE0157A3186750E80051D0FC /* DDDAppDelegate.h */,
				DE0157A4186750E80051D0FC /* DDDAppDelegate.m */,
				DE0157A6186750E80051D0FC /* Main.storyboard */,
				DE0157A9186750E80051D0FC /* DDDViewController.h */,
				DE0157AA186750E80051D0FC /* DDDViewController.m */,
				DE0157AC186750E80051D0FC /* Images.xcassets */,
				DE01579B186750E80051D0FC /* Supporting Files */,
			);
			path = PlaceFinder;
			sourceTree = "<group>";
		};
		DE01579B186750E80051D0FC /* Supporting Files */ = {
			isa = PBXGroup;
			children = (
				DE01579C186750E80051D0FC /* PlaceFinder-Info.plist */,
				DE01579D186750E80051D0FC /* InfoPlist.strings */,
				DE0157A0186750E80051D0FC /* main.m */,
				DE0157A2186750E80051D0FC /* PlaceFinder-Prefix.pch */,
			);
			name = "Supporting Files";
			sourceTree = "<group>";
		};
		DE0157B9186750E90051D0FC /* PlaceFinderTests */ = {
			isa = PBXGroup;
			children = (
				DE0157BF186750E90051D0FC /* PlaceFinderTests.m */,
				DE0157BA186750E90051D0FC /* Supporting Files */,
			);
			path = PlaceFinderTests;
			sourceTree = "<group>";
		};
		DE0157BA186750E90051D0FC /* Supporting Files */ = {
			isa = PBXGroup;
			children = (
				DE0157BB186750E90051D0FC /* PlaceFinderTests-Info.plist */,
				DE0157BC186750E90051D0FC /* InfoPlist.strings */,
			);
			name = "Supporting Files";
			sourceTree = "<group>";
		};
		DE1C51131867578200D961D2 /* Services */ = {
			isa = PBXGroup;
			children = (
				DE1C5115186757DD00D961D2 /* DDDDataService.h */,
				DE1C5116186757DD00D961D2 /* DDDDataService.m */,
				DE1C5117186757DD00D961D2 /* DDDServicesManager.h */,
				DE1C5118186757DD00D961D2 /* DDDServicesManager.m */,
			);
			name = Services;
			sourceTree = "<group>";
		};
		DE1C51141867578B00D961D2 /* Managers */ = {
			isa = PBXGroup;
			children = (
				DE1C511B1867581600D961D2 /* DDDManagerBase.h */,
				DE1C511C1867581600D961D2 /* DDDManagerBase.m */,
				DE1C51351867D0F600D961D2 /* DDDLocationManager.h */,
				DE1C51361867D0F600D961D2 /* DDDLocationManager.m */,
			);
			name = Managers;
			sourceTree = "<group>";
		};
		DE1C511E1867903400D961D2 /* Models */ = {
			isa = PBXGroup;
			children = (
				DE1C511F1867905C00D961D2 /* DDDLocation.h */,
				DE1C51201867905C00D961D2 /* DDDLocation.m */,
			);
			name = Models;
			sourceTree = "<group>";
		};
		DE1C51221867948700D961D2 /* APIReponses */ = {
			isa = PBXGroup;
			children = (
				DE1C5123186794B400D961D2 /* DDDPlaceSearchResultsResponse.h */,
				DE1C5124186794B400D961D2 /* DDDPlaceSearchResultsResponse.m */,
				DE1C51271867983800D961D2 /* DDDPlaceSearchResult.h */,
				DE1C51281867983800D961D2 /* DDDPlaceSearchResult.m */,
				DE1C512A18679D3000D961D2 /* DDDBaseResponse.h */,
				DE1C512B18679D3000D961D2 /* DDDBaseResponse.m */,
				DE1C512D1867BD7400D961D2 /* DDDPlaceLocationResponse.h */,
				DE1C512E1867BD7400D961D2 /* DDDPlaceLocationResponse.m */,
			);
			name = APIReponses;
			sourceTree = "<group>";
		};
		DE1C51301867BFAF00D961D2 /* UI */ = {
			isa = PBXGroup;
			children = (
				DE1C51311867BFCC00D961D2 /* DDDCollectionViewCell.h */,
				DE1C51321867BFCC00D961D2 /* DDDCollectionViewCell.m */,
			);
			name = UI;
			sourceTree = "<group>";
		};
/* End PBXGroup section */

/* Begin PBXNativeTarget section */
		DE015790186750E80051D0FC /* PlaceFinder */ = {
			isa = PBXNativeTarget;
			buildConfigurationList = DE0157C3186750E90051D0FC /* Build configuration list for PBXNativeTarget "PlaceFinder" */;
			buildPhases = (
				19A82771724A4399B2883C1A /* Check Pods Manifest.lock */,
				DE01578D186750E80051D0FC /* Sources */,
				DE01578E186750E80051D0FC /* Frameworks */,
				DE01578F186750E80051D0FC /* Resources */,
				454EDD18A6B14B799930031A /* Copy Pods Resources */,
			);
			buildRules = (
			);
			dependencies = (
			);
			name = PlaceFinder;
			productName = PlaceFinder;
			productReference = DE015791186750E80051D0FC /* PlaceFinder.app */;
			productType = "com.apple.product-type.application";
		};
		DE0157B1186750E80051D0FC /* PlaceFinderTests */ = {
			isa = PBXNativeTarget;
			buildConfigurationList = DE0157C6186750E90051D0FC /* Build configuration list for PBXNativeTarget "PlaceFinderTests" */;
			buildPhases = (
				DE0157AE186750E80051D0FC /* Sources */,
				DE0157AF186750E80051D0FC /* Frameworks */,
				DE0157B0186750E80051D0FC /* Resources */,
			);
			buildRules = (
			);
			dependencies = (
				DE0157B8186750E90051D0FC /* PBXTargetDependency */,
			);
			name = PlaceFinderTests;
			productName = PlaceFinderTests;
			productReference = DE0157B2186750E80051D0FC /* PlaceFinderTests.xctest */;
			productType = "com.apple.product-type.bundle.unit-test";
		};
/* End PBXNativeTarget section */

/* Begin PBXProject section */
		DE015789186750E80051D0FC /* Project object */ = {
			isa = PBXProject;
			attributes = {
				CLASSPREFIX = DDD;
				LastUpgradeCheck = 0500;
				ORGANIZATIONNAME = dotdotdot;
				TargetAttributes = {
					DE0157B1186750E80051D0FC = {
						TestTargetID = DE015790186750E80051D0FC;
					};
				};
			};
			buildConfigurationList = DE01578C186750E80051D0FC /* Build configuration list for PBXProject "PlaceFinder" */;
			compatibilityVersion = "Xcode 3.2";
			developmentRegion = English;
			hasScannedForEncodings = 0;
			knownRegions = (
				en,
				Base,
			);
			mainGroup = DE015788186750E80051D0FC;
			productRefGroup = DE015792186750E80051D0FC /* Products */;
			projectDirPath = "";
			projectRoot = "";
			targets = (
				DE015790186750E80051D0FC /* PlaceFinder */,
				DE0157B1186750E80051D0FC /* PlaceFinderTests */,
			);
		};
/* End PBXProject section */

/* Begin PBXResourcesBuildPhase section */
		DE01578F186750E80051D0FC /* Resources */ = {
			isa = PBXResourcesBuildPhase;
			buildActionMask = 2147483647;
			files = (
				DE0157AD186750E80051D0FC /* Images.xcassets in Resources */,
				DE01579F186750E80051D0FC /* InfoPlist.strings in Resources */,
				DE0157A8186750E80051D0FC /* Main.storyboard in Resources */,
			);
			runOnlyForDeploymentPostprocessing = 0;
		};
		DE0157B0186750E80051D0FC /* Resources */ = {
			isa = PBXResourcesBuildPhase;
			buildActionMask = 2147483647;
			files = (
				DE0157BE186750E90051D0FC /* InfoPlist.strings in Resources */,
			);
			runOnlyForDeploymentPostprocessing = 0;
		};
/* End PBXResourcesBuildPhase section */

/* Begin PBXShellScriptBuildPhase section */
		19A82771724A4399B2883C1A /* Check Pods Manifest.lock */ = {
			isa = PBXShellScriptBuildPhase;
			buildActionMask = 2147483647;
			files = (
			);
			inputPaths = (
			);
			name = "Check Pods Manifest.lock";
			outputPaths = (
			);
			runOnlyForDeploymentPostprocessing = 0;
			shellPath = /bin/sh;
			shellScript = "diff \"${PODS_ROOT}/../Podfile.lock\" \"${PODS_ROOT}/Manifest.lock\" > /dev/null\nif [[ $? != 0 ]] ; then\n    cat << EOM\nerror: The sandbox is not in sync with the Podfile.lock. Run 'pod install' or update your CocoaPods installation.\nEOM\n    exit 1\nfi\n";
			showEnvVarsInLog = 0;
		};
		454EDD18A6B14B799930031A /* Copy Pods Resources */ = {
			isa = PBXShellScriptBuildPhase;
			buildActionMask = 2147483647;
			files = (
			);
			inputPaths = (
			);
			name = "Copy Pods Resources";
			outputPaths = (
			);
			runOnlyForDeploymentPostprocessing = 0;
			shellPath = /bin/sh;
			shellScript = "\"${SRCROOT}/Pods/Pods-resources.sh\"\n";
			showEnvVarsInLog = 0;
		};
/* End PBXShellScriptBuildPhase section */

/* Begin PBXSourcesBuildPhase section */
		DE01578D186750E80051D0FC /* Sources */ = {
			isa = PBXSourcesBuildPhase;
			buildActionMask = 2147483647;
			files = (
				DE0157A1186750E80051D0FC /* main.m in Sources */,
				DE1C51331867BFCC00D961D2 /* DDDCollectionViewCell.m in Sources */,
				DE0157AB186750E80051D0FC /* DDDViewController.m in Sources */,
				DE1C512F1867BD7400D961D2 /* DDDPlaceLocationResponse.m in Sources */,
				DE1C512C18679D3000D961D2 /* DDDBaseResponse.m in Sources */,
				DE1C51371867D0F600D961D2 /* DDDLocationManager.m in Sources */,
				DE1C5125186794B400D961D2 /* DDDPlaceSearchResultsResponse.m in Sources */,
				DE0157A5186750E80051D0FC /* DDDAppDelegate.m in Sources */,
				DE1C5119186757DD00D961D2 /* DDDDataService.m in Sources */,
				DE1C511D1867581600D961D2 /* DDDManagerBase.m in Sources */,
				DE1C511A186757DD00D961D2 /* DDDServicesManager.m in Sources */,
				DE1C51211867905C00D961D2 /* DDDLocation.m in Sources */,
				DE1C51291867983800D961D2 /* DDDPlaceSearchResult.m in Sources */,
			);
			runOnlyForDeploymentPostprocessing = 0;
		};
		DE0157AE186750E80051D0FC /* Sources */ = {
			isa = PBXSourcesBuildPhase;
			buildActionMask = 2147483647;
			files = (
				DE0157C0186750E90051D0FC /* PlaceFinderTests.m in Sources */,
			);
			runOnlyForDeploymentPostprocessing = 0;
		};
/* End PBXSourcesBuildPhase section */

/* Begin PBXTargetDependency section */
		DE0157B8186750E90051D0FC /* PBXTargetDependency */ = {
			isa = PBXTargetDependency;
			target = DE015790186750E80051D0FC /* PlaceFinder */;
			targetProxy = DE0157B7186750E90051D0FC /* PBXContainerItemProxy */;
		};
/* End PBXTargetDependency section */

/* Begin PBXVariantGroup section */
		DE01579D186750E80051D0FC /* InfoPlist.strings */ = {
			isa = PBXVariantGroup;
			children = (
				DE01579E186750E80051D0FC /* en */,
			);
			name = InfoPlist.strings;
			sourceTree = "<group>";
		};
		DE0157A6186750E80051D0FC /* Main.storyboard */ = {
			isa = PBXVariantGroup;
			children = (
				DE0157A7186750E80051D0FC /* Base */,
			);
			name = Main.storyboard;
			sourceTree = "<group>";
		};
		DE0157BC186750E90051D0FC /* InfoPlist.strings */ = {
			isa = PBXVariantGroup;
			children = (
				DE0157BD186750E90051D0FC /* en */,
			);
			name = InfoPlist.strings;
			sourceTree = "<group>";
		};
/* End PBXVariantGroup section */

/* Begin XCBuildConfiguration section */
		DE0157C1186750E90051D0FC /* Debug */ = {
			isa = XCBuildConfiguration;
			buildSettings = {
				ALWAYS_SEARCH_USER_PATHS = NO;
				ARCHS = "$(ARCHS_STANDARD_INCLUDING_64_BIT)";
				CLANG_CXX_LANGUAGE_STANDARD = "gnu++0x";
				CLANG_CXX_LIBRARY = "libc++";
				CLANG_ENABLE_MODULES = YES;
				CLANG_ENABLE_OBJC_ARC = YES;
				CLANG_WARN_BOOL_CONVERSION = YES;
				CLANG_WARN_CONSTANT_CONVERSION = YES;
				CLANG_WARN_DIRECT_OBJC_ISA_USAGE = YES_ERROR;
				CLANG_WARN_EMPTY_BODY = YES;
				CLANG_WARN_ENUM_CONVERSION = YES;
				CLANG_WARN_INT_CONVERSION = YES;
				CLANG_WARN_OBJC_ROOT_CLASS = YES_ERROR;
				CLANG_WARN__DUPLICATE_METHOD_MATCH = YES;
				"CODE_SIGN_IDENTITY[sdk=iphoneos*]" = "iPhone Developer";
				COPY_PHASE_STRIP = NO;
				GCC_C_LANGUAGE_STANDARD = gnu99;
				GCC_DYNAMIC_NO_PIC = NO;
				GCC_OPTIMIZATION_LEVEL = 0;
				GCC_PREPROCESSOR_DEFINITIONS = (
					"DEBUG=1",
					"$(inherited)",
				);
				GCC_SYMBOLS_PRIVATE_EXTERN = NO;
				GCC_WARN_64_TO_32_BIT_CONVERSION = YES;
				GCC_WARN_ABOUT_RETURN_TYPE = YES_ERROR;
				GCC_WARN_UNDECLARED_SELECTOR = YES;
				GCC_WARN_UNINITIALIZED_AUTOS = YES;
				GCC_WARN_UNUSED_FUNCTION = YES;
				GCC_WARN_UNUSED_VARIABLE = YES;
				IPHONEOS_DEPLOYMENT_TARGET = 7.0;
				ONLY_ACTIVE_ARCH = YES;
				SDKROOT = iphoneos;
			};
			name = Debug;
		};
		DE0157C2186750E90051D0FC /* Release */ = {
			isa = XCBuildConfiguration;
			buildSettings = {
				ALWAYS_SEARCH_USER_PATHS = NO;
				ARCHS = "$(ARCHS_STANDARD_INCLUDING_64_BIT)";
				CLANG_CXX_LANGUAGE_STANDARD = "gnu++0x";
				CLANG_CXX_LIBRARY = "libc++";
				CLANG_ENABLE_MODULES = YES;
				CLANG_ENABLE_OBJC_ARC = YES;
				CLANG_WARN_BOOL_CONVERSION = YES;
				CLANG_WARN_CONSTANT_CONVERSION = YES;
				CLANG_WARN_DIRECT_OBJC_ISA_USAGE = YES_ERROR;
				CLANG_WARN_EMPTY_BODY = YES;
				CLANG_WARN_ENUM_CONVERSION = YES;
				CLANG_WARN_INT_CONVERSION = YES;
				CLANG_WARN_OBJC_ROOT_CLASS = YES_ERROR;
				CLANG_WARN__DUPLICATE_METHOD_MATCH = YES;
				"CODE_SIGN_IDENTITY[sdk=iphoneos*]" = "iPhone Developer";
				COPY_PHASE_STRIP = YES;
				ENABLE_NS_ASSERTIONS = NO;
				GCC_C_LANGUAGE_STANDARD = gnu99;
				GCC_WARN_64_TO_32_BIT_CONVERSION = YES;
				GCC_WARN_ABOUT_RETURN_TYPE = YES_ERROR;
				GCC_WARN_UNDECLARED_SELECTOR = YES;
				GCC_WARN_UNINITIALIZED_AUTOS = YES;
				GCC_WARN_UNUSED_FUNCTION = YES;
				GCC_WARN_UNUSED_VARIABLE = YES;
				IPHONEOS_DEPLOYMENT_TARGET = 7.0;
				SDKROOT = iphoneos;
				VALIDATE_PRODUCT = YES;
			};
			name = Release;
		};
		DE0157C4186750E90051D0FC /* Debug */ = {
			isa = XCBuildConfiguration;
			baseConfigurationReference = 7F9F9FCDB9FB418895E10623 /* Pods.xcconfig */;
			buildSettings = {
				ASSETCATALOG_COMPILER_APPICON_NAME = AppIcon;
				ASSETCATALOG_COMPILER_LAUNCHIMAGE_NAME = LaunchImage;
				GCC_PRECOMPILE_PREFIX_HEADER = YES;
				GCC_PREFIX_HEADER = "PlaceFinder/PlaceFinder-Prefix.pch";
				INFOPLIST_FILE = "PlaceFinder/PlaceFinder-Info.plist";
				PRODUCT_NAME = "$(TARGET_NAME)";
				WRAPPER_EXTENSION = app;
			};
			name = Debug;
		};
		DE0157C5186750E90051D0FC /* Release */ = {
			isa = XCBuildConfiguration;
			baseConfigurationReference = 7F9F9FCDB9FB418895E10623 /* Pods.xcconfig */;
			buildSettings = {
				ASSETCATALOG_COMPILER_APPICON_NAME = AppIcon;
				ASSETCATALOG_COMPILER_LAUNCHIMAGE_NAME = LaunchImage;
				GCC_PRECOMPILE_PREFIX_HEADER = YES;
				GCC_PREFIX_HEADER = "PlaceFinder/PlaceFinder-Prefix.pch";
				INFOPLIST_FILE = "PlaceFinder/PlaceFinder-Info.plist";
				PRODUCT_NAME = "$(TARGET_NAME)";
				WRAPPER_EXTENSION = app;
			};
			name = Release;
		};
		DE0157C7186750E90051D0FC /* Debug */ = {
			isa = XCBuildConfiguration;
			buildSettings = {
				ARCHS = "$(ARCHS_STANDARD_INCLUDING_64_BIT)";
				BUNDLE_LOADER = "$(BUILT_PRODUCTS_DIR)/PlaceFinder.app/PlaceFinder";
				FRAMEWORK_SEARCH_PATHS = (
					"$(SDKROOT)/Developer/Library/Frameworks",
					"$(inherited)",
					"$(DEVELOPER_FRAMEWORKS_DIR)",
				);
				GCC_PRECOMPILE_PREFIX_HEADER = YES;
				GCC_PREFIX_HEADER = "PlaceFinder/PlaceFinder-Prefix.pch";
				GCC_PREPROCESSOR_DEFINITIONS = (
					"DEBUG=1",
					"$(inherited)",
				);
				INFOPLIST_FILE = "PlaceFinderTests/PlaceFinderTests-Info.plist";
				PRODUCT_NAME = "$(TARGET_NAME)";
				TEST_HOST = "$(BUNDLE_LOADER)";
				WRAPPER_EXTENSION = xctest;
			};
			name = Debug;
		};
		DE0157C8186750E90051D0FC /* Release */ = {
			isa = XCBuildConfiguration;
			buildSettings = {
				ARCHS = "$(ARCHS_STANDARD_INCLUDING_64_BIT)";
				BUNDLE_LOADER = "$(BUILT_PRODUCTS_DIR)/PlaceFinder.app/PlaceFinder";
				FRAMEWORK_SEARCH_PATHS = (
					"$(SDKROOT)/Developer/Library/Frameworks",
					"$(inherited)",
					"$(DEVELOPER_FRAMEWORKS_DIR)",
				);
				GCC_PRECOMPILE_PREFIX_HEADER = YES;
				GCC_PREFIX_HEADER = "PlaceFinder/PlaceFinder-Prefix.pch";
				INFOPLIST_FILE = "PlaceFinderTests/PlaceFinderTests-Info.plist";
				PRODUCT_NAME = "$(TARGET_NAME)";
				TEST_HOST = "$(BUNDLE_LOADER)";
				WRAPPER_EXTENSION = xctest;
			};
			name = Release;
		};
/* End XCBuildConfiguration section */

/* Begin XCConfigurationList section */
		DE01578C186750E80051D0FC /* Build configuration list for PBXProject "PlaceFinder" */ = {
			isa = XCConfigurationList;
			buildConfigurations = (
				DE0157C1186750E90051D0FC /* Debug */,
				DE0157C2186750E90051D0FC /* Release */,
			);
			defaultConfigurationIsVisible = 0;
			defaultConfigurationName = Release;
		};
		DE0157C3186750E90051D0FC /* Build configuration list for PBXNativeTarget "PlaceFinder" */ = {
			isa = XCConfigurationList;
			buildConfigurations = (
				DE0157C4186750E90051D0FC /* Debug */,
				DE0157C5186750E90051D0FC /* Release */,
			);
			defaultConfigurationIsVisible = 0;
			defaultConfigurationName = Release;
		};
		DE0157C6186750E90051D0FC /* Build configuration list for PBXNativeTarget "PlaceFinderTests" */ = {
			isa = XCConfigurationList;
			buildConfigurations = (
				DE0157C7186750E90051D0FC /* Debug */,
				DE0157C8186750E90051D0FC /* Release */,
			);
			defaultConfigurationIsVisible = 0;
			defaultConfigurationName = Release;
		};
/* End XCConfigurationList section */
	};
	rootObject = DE015789186750E80051D0FC /* Project object */;
}
